
Microsoft Visual Studio Solution File, Format Version 12.00
# Visual Studio 2012
Project("{FAE04EC0-301F-11D3-BF4B-00C04F79EFBC}") = "SolutionExperiments", "SolutionExperiments\SolutionExperiments.csproj", "{CF12ACD7-8076-4868-9894-DD0DE3A10157}"
EndProject
Project("{FAE04EC0-301F-11D3-BF4B-00C04F79EFBC}") = "Web", "Web\Web.csproj", "{8F9A5ECD-E9E1-42E1-8B2D-116D4BC52C45}"
EndProject
Global
	GlobalSection(SolutionConfigurationPlatforms) = preSolution
		Debug|Any CPU = Debug|Any CPU
		Release|Any CPU = Release|Any CPU
	EndGlobalSection
	GlobalSection(ProjectConfigurationPlatforms) = postSolution
		{CF12ACD7-8076-4868-9894-DD0DE3A10157}.Debug|Any CPU.ActiveCfg = Debug|Any CPU
		{CF12ACD7-8076-4868-9894-DD0DE3A10157}.Debug|Any CPU.Build.0 = Debug|Any CPU
		{CF12ACD7-8076-4868-9894-DD0DE3A10157}.Release|Any CPU.ActiveCfg = Release|Any CPU
		{CF12ACD7-8076-4868-9894-DD0DE3A10157}.Release|Any CPU.Build.0 = Release|Any CPU
		{8F9A5ECD-E9E1-42E1-8B2D-116D4BC52C45}.Debug|Any CPU.ActiveCfg = Debug|Any CPU
		{8F9A5ECD-E9E1-42E1-8B2D-116D4BC52C45}.Debug|Any CPU.Build.0 = Debug|Any CPU
		{8F9A5ECD-E9E1-42E1-8B2D-116D4BC52C45}.Release|Any CPU.ActiveCfg = Release|Any CPU
		{8F9A5ECD-E9E1-42E1-8B2D-116D4BC52C45}.Release|Any CPU.Build.0 = Release|Any CPU
	EndGlobalSection
	GlobalSection(SolutionProperties) = preSolution
		HideSolutionNode = FALSE
	EndGlobalSection
EndGlobal
